
Microsoft Visual Studio Solution File, Format Version 12.00
# Visual Studio Version 16
VisualStudioVersion = 16.0.30011.22
MinimumVisualStudioVersion = 10.0.40219.1
Project("{FAE04EC0-301F-11D3-BF4B-00C04F79EFBC}") = "ProcessManipulationDemo", "ProcessManipulationDemo\ProcessManipulationDemo.csproj", "{F3E52503-B454-4B1A-AFB7-8649460795E7}"
EndProject
Global
	GlobalSection(SolutionConfigurationPlatforms) = preSolution
		Debug|Any CPU = Debug|Any CPU
		Release|Any CPU = Release|Any CPU
	EndGlobalSection
	GlobalSection(ProjectConfigurationPlatforms) = postSolution
		{F3E52503-B454-4B1A-AFB7-8649460795E7}.Debug|Any CPU.ActiveCfg = Debug|Any CPU
		{F3E52503-B454-4B1A-AFB7-8649460795E7}.Debug|Any CPU.Build.0 = Debug|Any CPU
		{F3E52503-B454-4B1A-AFB7-8649460795E7}.Release|Any CPU.ActiveCfg = Release|Any CPU
		{F3E52503-B454-4B1A-AFB7-8649460795E7}.Release|Any CPU.Build.0 = Release|Any CPU
	EndGlobalSection
	GlobalSection(SolutionProperties) = preSolution
		HideSolutionNode = FALSE
	EndGlobalSection
	GlobalSection(ExtensibilityGlobals) = postSolution
		SolutionGuid = {55673F42-D255-4B04-AC71-09D9DEC0E63B}
	EndGlobalSection
EndGlobal
